
Microsoft Visual Studio Solution File, Format Version 12.00
# Visual Studio Version 16
VisualStudioVersion = 16.0.30523.141
MinimumVisualStudioVersion = 10.0.40219.1
Project("{FAE04EC0-301F-11D3-BF4B-00C04F79EFBC}") = "TestImpactAnalysis.Demo.PlanetEarth", "TestImpactAnalysis.Demo.PlanetEarth\TestImpactAnalysis.Demo.PlanetEarth.csproj", "{8AA8239D-1229-4174-84F7-DCE93989D676}"
EndProject
Global
	GlobalSection(SolutionConfigurationPlatforms) = preSolution
		Debug|Any CPU = Debug|Any CPU
		Release|Any CPU = Release|Any CPU
	EndGlobalSection
	GlobalSection(ProjectConfigurationPlatforms) = postSolution
		{8AA8239D-1229-4174-84F7-DCE93989D676}.Debug|Any CPU.ActiveCfg = Debug|Any CPU
		{8AA8239D-1229-4174-84F7-DCE93989D676}.Debug|Any CPU.Build.0 = Debug|Any CPU
		{8AA8239D-1229-4174-84F7-DCE93989D676}.Release|Any CPU.ActiveCfg = Release|Any CPU
		{8AA8239D-1229-4174-84F7-DCE93989D676}.Release|Any CPU.Build.0 = Release|Any CPU
	EndGlobalSection
	GlobalSection(SolutionProperties) = preSolution
		HideSolutionNode = FALSE
	EndGlobalSection
	GlobalSection(ExtensibilityGlobals) = postSolution
		SolutionGuid = {2D089C2C-BECA-469E-B2E4-E7FA296E57B0}
	EndGlobalSection
EndGlobal
